
Microsoft Visual Studio Solution File, Format Version 12.00
# Visual Studio Version 17
VisualStudioVersion = 17.14.36518.9 d17.14
MinimumVisualStudioVersion = 10.0.40219.1
Project("{FAE04EC0-301F-11D3-BF4B-00C04F79EFBC}") = "ConsoleApp1", "ConsoleApp1\ConsoleApp1.csproj", "{B94E13A2-8ABC-488C-BC04-302D7B108E5E}"
EndProject
Global
	GlobalSection(SolutionConfigurationPlatforms) = preSolution
		Debug|Any CPU = Debug|Any CPU
		Release|Any CPU = Release|Any CPU
	EndGlobalSection
	GlobalSection(ProjectConfigurationPlatforms) = postSolution
		{B94E13A2-8ABC-488C-BC04-302D7B108E5E}.Debug|Any CPU.ActiveCfg = Debug|Any CPU
		{B94E13A2-8ABC-488C-BC04-302D7B108E5E}.Debug|Any CPU.Build.0 = Debug|Any CPU
		{B94E13A2-8ABC-488C-BC04-302D7B108E5E}.Release|Any CPU.ActiveCfg = Release|Any CPU
		{B94E13A2-8ABC-488C-BC04-302D7B108E5E}.Release|Any CPU.Build.0 = Release|Any CPU
	EndGlobalSection
	GlobalSection(SolutionProperties) = preSolution
		HideSolutionNode = FALSE
	EndGlobalSection
	GlobalSection(ExtensibilityGlobals) = postSolution
		SolutionGuid = {EBA5EAAC-C860-4131-B288-5F2F3F58BC96}
	EndGlobalSection
EndGlobal
